// !$*UTF8*$!
{
	archiveVersion = 1;
	classes = {
	};
	objectVersion = 56;
	objects = {

/* Begin PBXBuildFile section */
		030B852A293A8B6B00661674 /* REDSwiftApp.swift in Sources */ = {isa = PBXBuildFile; fileRef = 030B8529293A8B6B00661674 /* REDSwiftApp.swift */; };
		030B852C293A8B6B00661674 /* ContentView.swift in Sources */ = {isa = PBXBuildFile; fileRef = 030B852B293A8B6B00661674 /* ContentView.swift */; };
		030B852E293A8B7000661674 /* Assets.xcassets in Resources */ = {isa = PBXBuildFile; fileRef = 030B852D293A8B7000661674 /* Assets.xcassets */; };
		030B8531293A8B7000661674 /* Preview Assets.xcassets in Resources */ = {isa = PBXBuildFile; fileRef = 030B8530293A8B7000661674 /* Preview Assets.xcassets */; };
		030F1C9B293F9011009894F9 /* TorrentGroupView.swift in Sources */ = {isa = PBXBuildFile; fileRef = 030F1C9A293F9011009894F9 /* TorrentGroupView.swift */; };
		031978752940DD9D00D21EC1 /* RequestSearchRequest.swift in Sources */ = {isa = PBXBuildFile; fileRef = 031978742940DD9D00D21EC1 /* RequestSearchRequest.swift */; };
		03256146293E7032000D5636 /* MessageView.swift in Sources */ = {isa = PBXBuildFile; fileRef = 03256145293E7031000D5636 /* MessageView.swift */; };
		03256149293E7FD1000D5636 /* SearchView.swift in Sources */ = {isa = PBXBuildFile; fileRef = 03256148293E7FD1000D5636 /* SearchView.swift */; };
		032E4B69293D778000595C80 /* FloatingTabBar in Frameworks */ = {isa = PBXBuildFile; productRef = 032E4B68293D778000595C80 /* FloatingTabBar */; };
		03314C3E2941462B00916A4B /* AccentCapsule.swift in Sources */ = {isa = PBXBuildFile; fileRef = 03314C3D2941462B00916A4B /* AccentCapsule.swift */; };
		03314C4029416DFA00916A4B /* ArtistGroupView.swift in Sources */ = {isa = PBXBuildFile; fileRef = 03314C3F29416DFA00916A4B /* ArtistGroupView.swift */; };
		03314C4229416E1800916A4B /* ArtistTorrentView.swift in Sources */ = {isa = PBXBuildFile; fileRef = 03314C4129416E1800916A4B /* ArtistTorrentView.swift */; };
		0333D3A4293C0660009CC6E1 /* REDAppModel.swift in Sources */ = {isa = PBXBuildFile; fileRef = 0333D3A3293C0660009CC6E1 /* REDAppModel.swift */; };
		0333D3A9293C16E8009CC6E1 /* NotificationsRequest.swift in Sources */ = {isa = PBXBuildFile; fileRef = 0333D3A8293C16E8009CC6E1 /* NotificationsRequest.swift */; };
		0333D3AB293C16FB009CC6E1 /* RedactedAPI.swift in Sources */ = {isa = PBXBuildFile; fileRef = 0333D3AA293C16FB009CC6E1 /* RedactedAPI.swift */; };
		03399C78293D1AF9008DB706 /* WhatsNewKit in Frameworks */ = {isa = PBXBuildFile; productRef = 03399C77293D1AF9008DB706 /* WhatsNewKit */; };
		03399C7A293D1EEB008DB706 /* PersonalInfo.swift in Sources */ = {isa = PBXBuildFile; fileRef = 03399C79293D1EEB008DB706 /* PersonalInfo.swift */; };
		03399C7C293D2128008DB706 /* ProfilePictureRequest.swift in Sources */ = {isa = PBXBuildFile; fileRef = 03399C7B293D2128008DB706 /* ProfilePictureRequest.swift */; };
		03399C7E293D2B3A008DB706 /* PersonalCommunity.swift in Sources */ = {isa = PBXBuildFile; fileRef = 03399C7D293D2B3A008DB706 /* PersonalCommunity.swift */; };
		03399C81293D6384008DB706 /* InboxRequest.swift in Sources */ = {isa = PBXBuildFile; fileRef = 03399C80293D6384008DB706 /* InboxRequest.swift */; };
		033DF7F92940F8ED002C36F6 /* RequestResultsView.swift in Sources */ = {isa = PBXBuildFile; fileRef = 033DF7F82940F8ED002C36F6 /* RequestResultsView.swift */; };
		0344023E29411E3100FDDED7 /* RequestView.swift in Sources */ = {isa = PBXBuildFile; fileRef = 0344023D29411E3100FDDED7 /* RequestView.swift */; };
		036CD528293FFFA40053701C /* TorrentView.swift in Sources */ = {isa = PBXBuildFile; fileRef = 036CD527293FFFA40053701C /* TorrentView.swift */; };
		036CD52A2940180C0053701C /* ArtistSearchRequest.swift in Sources */ = {isa = PBXBuildFile; fileRef = 036CD5292940180C0053701C /* ArtistSearchRequest.swift */; };
		036CD52C29401ADD0053701C /* ArtistResultsView.swift in Sources */ = {isa = PBXBuildFile; fileRef = 036CD52B29401ADD0053701C /* ArtistResultsView.swift */; };
		036CD52F294024590053701C /* UserSearchRequest.swift in Sources */ = {isa = PBXBuildFile; fileRef = 036CD52E294024590053701C /* UserSearchRequest.swift */; };
		036CD53129402F590053701C /* UserResultsView.swift in Sources */ = {isa = PBXBuildFile; fileRef = 036CD53029402F590053701C /* UserResultsView.swift */; };
		036CD539294038E50053701C /* UserProfileView.swift in Sources */ = {isa = PBXBuildFile; fileRef = 036CD538294038E50053701C /* UserProfileView.swift */; };
		036CD53E29403FFE0053701C /* UserStats.swift in Sources */ = {isa = PBXBuildFile; fileRef = 036CD53D29403FFE0053701C /* UserStats.swift */; };
		036CD5402940400C0053701C /* UserRanks.swift in Sources */ = {isa = PBXBuildFile; fileRef = 036CD53F2940400C0053701C /* UserRanks.swift */; };
		036CD542294040120053701C /* UserInfo.swift in Sources */ = {isa = PBXBuildFile; fileRef = 036CD541294040120053701C /* UserInfo.swift */; };
		036CD544294040180053701C /* UserCommunity.swift in Sources */ = {isa = PBXBuildFile; fileRef = 036CD543294040180053701C /* UserCommunity.swift */; };
		0387C9ED293C4C3300864B63 /* PersonalProfileView.swift in Sources */ = {isa = PBXBuildFile; fileRef = 0387C9EC293C4C3300864B63 /* PersonalProfileView.swift */; };
		0387CA0B293C5FC300864B63 /* PersonalStats.swift in Sources */ = {isa = PBXBuildFile; fileRef = 0387CA0A293C5FC300864B63 /* PersonalStats.swift */; };
		0387CA0D293C844900864B63 /* SectionTitle.swift in Sources */ = {isa = PBXBuildFile; fileRef = 0387CA0C293C844900864B63 /* SectionTitle.swift */; };
		0387CA0F293C85FE00864B63 /* PersonalRanks.swift in Sources */ = {isa = PBXBuildFile; fileRef = 0387CA0E293C85FE00864B63 /* PersonalRanks.swift */; };
		0387CA11293C864500864B63 /* RectangleOverlay.swift in Sources */ = {isa = PBXBuildFile; fileRef = 0387CA10293C864500864B63 /* RectangleOverlay.swift */; };
		03B86E0C293EEFC200173971 /* TorrentSearchRequest.swift in Sources */ = {isa = PBXBuildFile; fileRef = 03B86E0B293EEFC200173971 /* TorrentSearchRequest.swift */; };
		03B86E0E293EF63C00173971 /* TorrentResultsView.swift in Sources */ = {isa = PBXBuildFile; fileRef = 03B86E0D293EF63C00173971 /* TorrentResultsView.swift */; };
		03E4FCAA293D85E300C7A6B0 /* InboxView.swift in Sources */ = {isa = PBXBuildFile; fileRef = 03E4FCA9293D85E300C7A6B0 /* InboxView.swift */; };
		03E4FCAC293D878A00C7A6B0 /* ConversationPreview.swift in Sources */ = {isa = PBXBuildFile; fileRef = 03E4FCAB293D878A00C7A6B0 /* ConversationPreview.swift */; };
		03E4FCAE293D8EF300C7A6B0 /* ConversationView.swift in Sources */ = {isa = PBXBuildFile; fileRef = 03E4FCAD293D8EF300C7A6B0 /* ConversationView.swift */; };
		03E4FCB1293D8F8600C7A6B0 /* ConversationRequest.swift in Sources */ = {isa = PBXBuildFile; fileRef = 03E4FCB0293D8F8600C7A6B0 /* ConversationRequest.swift */; };
		03F9AC44293AB51800D32548 /* UserProfileRequest.swift in Sources */ = {isa = PBXBuildFile; fileRef = 03F9AC43293AB51800D32548 /* UserProfileRequest.swift */; };
		03F9AC48293AD44B00D32548 /* PersonalProfileRequest.swift in Sources */ = {isa = PBXBuildFile; fileRef = 03F9AC47293AD44B00D32548 /* PersonalProfileRequest.swift */; };
		03F9AC4A293AE18D00D32548 /* AnnouncementsRequest.swift in Sources */ = {isa = PBXBuildFile; fileRef = 03F9AC49293AE18D00D32548 /* AnnouncementsRequest.swift */; };
/* End PBXBuildFile section */

/* Begin PBXFileReference section */
		030B8526293A8B6B00661674 /* REDSwift.app */ = {isa = PBXFileReference; explicitFileType = wrapper.application; includeInIndex = 0; path = REDSwift.app; sourceTree = BUILT_PRODUCTS_DIR; };
		030B8529293A8B6B00661674 /* REDSwiftApp.swift */ = {isa = PBXFileReference; lastKnownFileType = sourcecode.swift; path = REDSwiftApp.swift; sourceTree = "<group>"; };
		030B852B293A8B6B00661674 /* ContentView.swift */ = {isa = PBXFileReference; lastKnownFileType = sourcecode.swift; path = ContentView.swift; sourceTree = "<group>"; };
		030B852D293A8B7000661674 /* Assets.xcassets */ = {isa = PBXFileReference; lastKnownFileType = folder.assetcatalog; path = Assets.xcassets; sourceTree = "<group>"; };
		030B8530293A8B7000661674 /* Preview Assets.xcassets */ = {isa = PBXFileReference; lastKnownFileType = folder.assetcatalog; path = "Preview Assets.xcassets"; sourceTree = "<group>"; };
		030F1C9A293F9011009894F9 /* TorrentGroupView.swift */ = {isa = PBXFileReference; lastKnownFileType = sourcecode.swift; path = TorrentGroupView.swift; sourceTree = "<group>"; };
		031978742940DD9D00D21EC1 /* RequestSearchRequest.swift */ = {isa = PBXFileReference; lastKnownFileType = sourcecode.swift; path = RequestSearchRequest.swift; sourceTree = "<group>"; };
		03256145293E7031000D5636 /* MessageView.swift */ = {isa = PBXFileReference; lastKnownFileType = sourcecode.swift; path = MessageView.swift; sourceTree = "<group>"; };
		03256148293E7FD1000D5636 /* SearchView.swift */ = {isa = PBXFileReference; lastKnownFileType = sourcecode.swift; path = SearchView.swift; sourceTree = "<group>"; };
		03314C3D2941462B00916A4B /* AccentCapsule.swift */ = {isa = PBXFileReference; lastKnownFileType = sourcecode.swift; path = AccentCapsule.swift; sourceTree = "<group>"; };
		03314C3F29416DFA00916A4B /* ArtistGroupView.swift */ = {isa = PBXFileReference; lastKnownFileType = sourcecode.swift; path = ArtistGroupView.swift; sourceTree = "<group>"; };
		03314C4129416E1800916A4B /* ArtistTorrentView.swift */ = {isa = PBXFileReference; lastKnownFileType = sourcecode.swift; path = ArtistTorrentView.swift; sourceTree = "<group>"; };
		0333D3A3293C0660009CC6E1 /* REDAppModel.swift */ = {isa = PBXFileReference; lastKnownFileType = sourcecode.swift; path = REDAppModel.swift; sourceTree = "<group>"; };
		0333D3A8293C16E8009CC6E1 /* NotificationsRequest.swift */ = {isa = PBXFileReference; lastKnownFileType = sourcecode.swift; path = NotificationsRequest.swift; sourceTree = "<group>"; };
		0333D3AA293C16FB009CC6E1 /* RedactedAPI.swift */ = {isa = PBXFileReference; lastKnownFileType = sourcecode.swift; path = RedactedAPI.swift; sourceTree = "<group>"; };
		03399C79293D1EEB008DB706 /* PersonalInfo.swift */ = {isa = PBXFileReference; lastKnownFileType = sourcecode.swift; path = PersonalInfo.swift; sourceTree = "<group>"; };
		03399C7B293D2128008DB706 /* ProfilePictureRequest.swift */ = {isa = PBXFileReference; lastKnownFileType = sourcecode.swift; path = ProfilePictureRequest.swift; sourceTree = "<group>"; };
		03399C7D293D2B3A008DB706 /* PersonalCommunity.swift */ = {isa = PBXFileReference; lastKnownFileType = sourcecode.swift; path = PersonalCommunity.swift; sourceTree = "<group>"; };
		03399C80293D6384008DB706 /* InboxRequest.swift */ = {isa = PBXFileReference; lastKnownFileType = sourcecode.swift; path = InboxRequest.swift; sourceTree = "<group>"; };
		033DF7F82940F8ED002C36F6 /* RequestResultsView.swift */ = {isa = PBXFileReference; lastKnownFileType = sourcecode.swift; path = RequestResultsView.swift; sourceTree = "<group>"; };
		0344023D29411E3100FDDED7 /* RequestView.swift */ = {isa = PBXFileReference; lastKnownFileType = sourcecode.swift; path = RequestView.swift; sourceTree = "<group>"; };
		036CD527293FFFA40053701C /* TorrentView.swift */ = {isa = PBXFileReference; lastKnownFileType = sourcecode.swift; path = TorrentView.swift; sourceTree = "<group>"; };
		036CD5292940180C0053701C /* ArtistSearchRequest.swift */ = {isa = PBXFileReference; lastKnownFileType = sourcecode.swift; path = ArtistSearchRequest.swift; sourceTree = "<group>"; };
		036CD52B29401ADD0053701C /* ArtistResultsView.swift */ = {isa = PBXFileReference; lastKnownFileType = sourcecode.swift; path = ArtistResultsView.swift; sourceTree = "<group>"; };
		036CD52E294024590053701C /* UserSearchRequest.swift */ = {isa = PBXFileReference; lastKnownFileType = sourcecode.swift; path = UserSearchRequest.swift; sourceTree = "<group>"; };
		036CD53029402F590053701C /* UserResultsView.swift */ = {isa = PBXFileReference; lastKnownFileType = sourcecode.swift; path = UserResultsView.swift; sourceTree = "<group>"; };
		036CD538294038E50053701C /* UserProfileView.swift */ = {isa = PBXFileReference; lastKnownFileType = sourcecode.swift; path = UserProfileView.swift; sourceTree = "<group>"; };
		036CD53D29403FFE0053701C /* UserStats.swift */ = {isa = PBXFileReference; lastKnownFileType = sourcecode.swift; path = UserStats.swift; sourceTree = "<group>"; };
		036CD53F2940400C0053701C /* UserRanks.swift */ = {isa = PBXFileReference; lastKnownFileType = sourcecode.swift; path = UserRanks.swift; sourceTree = "<group>"; };
		036CD541294040120053701C /* UserInfo.swift */ = {isa = PBXFileReference; lastKnownFileType = sourcecode.swift; path = UserInfo.swift; sourceTree = "<group>"; };
		036CD543294040180053701C /* UserCommunity.swift */ = {isa = PBXFileReference; lastKnownFileType = sourcecode.swift; path = UserCommunity.swift; sourceTree = "<group>"; };
		0387C9EC293C4C3300864B63 /* PersonalProfileView.swift */ = {isa = PBXFileReference; lastKnownFileType = sourcecode.swift; path = PersonalProfileView.swift; sourceTree = "<group>"; };
		0387CA0A293C5FC300864B63 /* PersonalStats.swift */ = {isa = PBXFileReference; lastKnownFileType = sourcecode.swift; path = PersonalStats.swift; sourceTree = "<group>"; };
		0387CA0C293C844900864B63 /* SectionTitle.swift */ = {isa = PBXFileReference; lastKnownFileType = sourcecode.swift; path = SectionTitle.swift; sourceTree = "<group>"; };
		0387CA0E293C85FE00864B63 /* PersonalRanks.swift */ = {isa = PBXFileReference; lastKnownFileType = sourcecode.swift; path = PersonalRanks.swift; sourceTree = "<group>"; };
		0387CA10293C864500864B63 /* RectangleOverlay.swift */ = {isa = PBXFileReference; lastKnownFileType = sourcecode.swift; path = RectangleOverlay.swift; sourceTree = "<group>"; };
		03B86E0B293EEFC200173971 /* TorrentSearchRequest.swift */ = {isa = PBXFileReference; lastKnownFileType = sourcecode.swift; path = TorrentSearchRequest.swift; sourceTree = "<group>"; };
		03B86E0D293EF63C00173971 /* TorrentResultsView.swift */ = {isa = PBXFileReference; lastKnownFileType = sourcecode.swift; path = TorrentResultsView.swift; sourceTree = "<group>"; };
		03E4FCA9293D85E300C7A6B0 /* InboxView.swift */ = {isa = PBXFileReference; lastKnownFileType = sourcecode.swift; path = InboxView.swift; sourceTree = "<group>"; };
		03E4FCAB293D878A00C7A6B0 /* ConversationPreview.swift */ = {isa = PBXFileReference; lastKnownFileType = sourcecode.swift; path = ConversationPreview.swift; sourceTree = "<group>"; };
		03E4FCAD293D8EF300C7A6B0 /* ConversationView.swift */ = {isa = PBXFileReference; lastKnownFileType = sourcecode.swift; path = ConversationView.swift; sourceTree = "<group>"; };
		03E4FCB0293D8F8600C7A6B0 /* ConversationRequest.swift */ = {isa = PBXFileReference; lastKnownFileType = sourcecode.swift; path = ConversationRequest.swift; sourceTree = "<group>"; };
		03F9AC43293AB51800D32548 /* UserProfileRequest.swift */ = {isa = PBXFileReference; lastKnownFileType = sourcecode.swift; path = UserProfileRequest.swift; sourceTree = "<group>"; };
		03F9AC47293AD44B00D32548 /* PersonalProfileRequest.swift */ = {isa = PBXFileReference; lastKnownFileType = sourcecode.swift; path = PersonalProfileRequest.swift; sourceTree = "<group>"; };
		03F9AC49293AE18D00D32548 /* AnnouncementsRequest.swift */ = {isa = PBXFileReference; lastKnownFileType = sourcecode.swift; path = AnnouncementsRequest.swift; sourceTree = "<group>"; };
/* End PBXFileReference section */

/* Begin PBXFrameworksBuildPhase section */
		030B8523293A8B6B00661674 /* Frameworks */ = {
			isa = PBXFrameworksBuildPhase;
			buildActionMask = 2147483647;
			files = (
				032E4B69293D778000595C80 /* FloatingTabBar in Frameworks */,
				03399C78293D1AF9008DB706 /* WhatsNewKit in Frameworks */,
			);
			runOnlyForDeploymentPostprocessing = 0;
		};
/* End PBXFrameworksBuildPhase section */

/* Begin PBXGroup section */
		030B851D293A8B6B00661674 = {
			isa = PBXGroup;
			children = (
				030B8528293A8B6B00661674 /* REDSwift */,
				030B8527293A8B6B00661674 /* Products */,
			);
			sourceTree = "<group>";
		};
		030B8527293A8B6B00661674 /* Products */ = {
			isa = PBXGroup;
			children = (
				030B8526293A8B6B00661674 /* REDSwift.app */,
			);
			name = Products;
			sourceTree = "<group>";
		};
		030B8528293A8B6B00661674 /* REDSwift */ = {
			isa = PBXGroup;
			children = (
				033DF7F62940F843002C36F6 /* Entrypoint */,
				033DF7F52940F802002C36F6 /* Tabs */,
				036CD536294038620053701C /* Generic Views */,
				03F9AC42293AB44300D32548 /* API */,
				030B852D293A8B7000661674 /* Assets.xcassets */,
				030B852F293A8B7000661674 /* Preview Content */,
			);
			path = REDSwift;
			sourceTree = "<group>";
		};
		030B852F293A8B7000661674 /* Preview Content */ = {
			isa = PBXGroup;
			children = (
				030B8530293A8B7000661674 /* Preview Assets.xcassets */,
			);
			path = "Preview Content";
			sourceTree = "<group>";
		};
		03256147293E7F40000D5636 /* Search */ = {
			isa = PBXGroup;
			children = (
				03256148293E7FD1000D5636 /* SearchView.swift */,
				036CD5332940381F0053701C /* Torrents */,
				036CD534294038290053701C /* Artists */,
				033DF7F72940F8D7002C36F6 /* Requests */,
				036CD535294038430053701C /* Users */,
			);
			path = Search;
			sourceTree = "<group>";
		};
		033DF7F52940F802002C36F6 /* Tabs */ = {
			isa = PBXGroup;
			children = (
				03256147293E7F40000D5636 /* Search */,
				03E4FCA8293D85D600C7A6B0 /* Inbox */,
				0387CA08293C5F2300864B63 /* Personal Profile */,
			);
			path = Tabs;
			sourceTree = "<group>";
		};
		033DF7F62940F843002C36F6 /* Entrypoint */ = {
			isa = PBXGroup;
			children = (
				030B8529293A8B6B00661674 /* REDSwiftApp.swift */,
				0333D3A3293C0660009CC6E1 /* REDAppModel.swift */,
				030B852B293A8B6B00661674 /* ContentView.swift */,
			);
			path = Entrypoint;
			sourceTree = "<group>";
		};
		033DF7F72940F8D7002C36F6 /* Requests */ = {
			isa = PBXGroup;
			children = (
				033DF7F82940F8ED002C36F6 /* RequestResultsView.swift */,
				0344023D29411E3100FDDED7 /* RequestView.swift */,
			);
			path = Requests;
			sourceTree = "<group>";
		};
		036CD52D29401E640053701C /* Inbox */ = {
			isa = PBXGroup;
			children = (
				03E4FCB0293D8F8600C7A6B0 /* ConversationRequest.swift */,
				03399C80293D6384008DB706 /* InboxRequest.swift */,
				0333D3A8293C16E8009CC6E1 /* NotificationsRequest.swift */,
			);
			path = Inbox;
			sourceTree = "<group>";
		};
		036CD5322940380B0053701C /* Announcements */ = {
			isa = PBXGroup;
			children = (
				03F9AC49293AE18D00D32548 /* AnnouncementsRequest.swift */,
			);
			path = Announcements;
			sourceTree = "<group>";
		};
		036CD5332940381F0053701C /* Torrents */ = {
			isa = PBXGroup;
			children = (
				036CD527293FFFA40053701C /* TorrentView.swift */,
				030F1C9A293F9011009894F9 /* TorrentGroupView.swift */,
				03B86E0D293EF63C00173971 /* TorrentResultsView.swift */,
			);
			path = Torrents;
			sourceTree = "<group>";
		};
		036CD534294038290053701C /* Artists */ = {
			isa = PBXGroup;
			children = (
				036CD52B29401ADD0053701C /* ArtistResultsView.swift */,
				03314C3F29416DFA00916A4B /* ArtistGroupView.swift */,
				03314C4129416E1800916A4B /* ArtistTorrentView.swift */,
			);
			path = Artists;
			sourceTree = "<group>";
		};
		036CD535294038430053701C /* Users */ = {
			isa = PBXGroup;
			children = (
				036CD538294038E50053701C /* UserProfileView.swift */,
				036CD53029402F590053701C /* UserResultsView.swift */,
				036CD53A29403FE00053701C /* Sections */,
			);
			path = Users;
			sourceTree = "<group>";
		};
		036CD536294038620053701C /* Generic Views */ = {
			isa = PBXGroup;
			children = (
				0387CA10293C864500864B63 /* RectangleOverlay.swift */,
				0387CA0C293C844900864B63 /* SectionTitle.swift */,
				03314C3D2941462B00916A4B /* AccentCapsule.swift */,
			);
			path = "Generic Views";
			sourceTree = "<group>";
		};
		036CD537294038770053701C /* Sections */ = {
			isa = PBXGroup;
			children = (
				0387CA0A293C5FC300864B63 /* PersonalStats.swift */,
				0387CA0E293C85FE00864B63 /* PersonalRanks.swift */,
				03399C79293D1EEB008DB706 /* PersonalInfo.swift */,
				03399C7D293D2B3A008DB706 /* PersonalCommunity.swift */,
			);
			path = Sections;
			sourceTree = "<group>";
		};
		036CD53A29403FE00053701C /* Sections */ = {
			isa = PBXGroup;
			children = (
				036CD53D29403FFE0053701C /* UserStats.swift */,
				036CD53F2940400C0053701C /* UserRanks.swift */,
				036CD541294040120053701C /* UserInfo.swift */,
				036CD543294040180053701C /* UserCommunity.swift */,
			);
			path = Sections;
			sourceTree = "<group>";
		};
		0387CA08293C5F2300864B63 /* Personal Profile */ = {
			isa = PBXGroup;
			children = (
				0387C9EC293C4C3300864B63 /* PersonalProfileView.swift */,
				036CD537294038770053701C /* Sections */,
			);
			path = "Personal Profile";
			sourceTree = "<group>";
		};
		03B86E08293EEF8300173971 /* Profile */ = {
			isa = PBXGroup;
			children = (
				03F9AC43293AB51800D32548 /* UserProfileRequest.swift */,
				03F9AC47293AD44B00D32548 /* PersonalProfileRequest.swift */,
				03399C7B293D2128008DB706 /* ProfilePictureRequest.swift */,
			);
			path = Profile;
			sourceTree = "<group>";
		};
		03B86E09293EEF9500173971 /* Search */ = {
			isa = PBXGroup;
			children = (
				03B86E0B293EEFC200173971 /* TorrentSearchRequest.swift */,
				036CD5292940180C0053701C /* ArtistSearchRequest.swift */,
				031978742940DD9D00D21EC1 /* RequestSearchRequest.swift */,
				036CD52E294024590053701C /* UserSearchRequest.swift */,
			);
			path = Search;
			sourceTree = "<group>";
		};
		03E4FCA8293D85D600C7A6B0 /* Inbox */ = {
			isa = PBXGroup;
			children = (
				03E4FCA9293D85E300C7A6B0 /* InboxView.swift */,
				03E4FCAB293D878A00C7A6B0 /* ConversationPreview.swift */,
				03E4FCAD293D8EF300C7A6B0 /* ConversationView.swift */,
				03256145293E7031000D5636 /* MessageView.swift */,
			);
			path = Inbox;
			sourceTree = "<group>";
		};
		03F9AC42293AB44300D32548 /* API */ = {
			isa = PBXGroup;
			children = (
				0333D3AA293C16FB009CC6E1 /* RedactedAPI.swift */,
				036CD5322940380B0053701C /* Announcements */,
				036CD52D29401E640053701C /* Inbox */,
				03B86E09293EEF9500173971 /* Search */,
				03B86E08293EEF8300173971 /* Profile */,
			);
			path = API;
			sourceTree = "<group>";
		};
/* End PBXGroup section */

/* Begin PBXNativeTarget section */
		030B8525293A8B6B00661674 /* REDSwift */ = {
			isa = PBXNativeTarget;
			buildConfigurationList = 030B8534293A8B7000661674 /* Build configuration list for PBXNativeTarget "REDSwift" */;
			buildPhases = (
				030B8522293A8B6B00661674 /* Sources */,
				030B8523293A8B6B00661674 /* Frameworks */,
				030B8524293A8B6B00661674 /* Resources */,
			);
			buildRules = (
			);
			dependencies = (
			);
			name = REDSwift;
			packageProductDependencies = (
				03399C77293D1AF9008DB706 /* WhatsNewKit */,
				032E4B68293D778000595C80 /* FloatingTabBar */,
			);
			productName = REDSwift;
			productReference = 030B8526293A8B6B00661674 /* REDSwift.app */;
			productType = "com.apple.product-type.application";
		};
/* End PBXNativeTarget section */

/* Begin PBXProject section */
		030B851E293A8B6B00661674 /* Project object */ = {
			isa = PBXProject;
			attributes = {
				BuildIndependentTargetsInParallel = 1;
				LastSwiftUpdateCheck = 1410;
				LastUpgradeCheck = 1410;
				TargetAttributes = {
					030B8525293A8B6B00661674 = {
						CreatedOnToolsVersion = 14.1;
					};
				};
			};
			buildConfigurationList = 030B8521293A8B6B00661674 /* Build configuration list for PBXProject "REDSwift" */;
			compatibilityVersion = "Xcode 14.0";
			developmentRegion = en;
			hasScannedForEncodings = 0;
			knownRegions = (
				en,
				Base,
			);
			mainGroup = 030B851D293A8B6B00661674;
			packageReferences = (
				03399C76293D1AF9008DB706 /* XCRemoteSwiftPackageReference "WhatsNewKit" */,
				032E4B67293D778000595C80 /* XCRemoteSwiftPackageReference "FloatingTabBar" */,
			);
			productRefGroup = 030B8527293A8B6B00661674 /* Products */;
			projectDirPath = "";
			projectRoot = "";
			targets = (
				030B8525293A8B6B00661674 /* REDSwift */,
			);
		};
/* End PBXProject section */

/* Begin PBXResourcesBuildPhase section */
		030B8524293A8B6B00661674 /* Resources */ = {
			isa = PBXResourcesBuildPhase;
			buildActionMask = 2147483647;
			files = (
				030B8531293A8B7000661674 /* Preview Assets.xcassets in Resources */,
				030B852E293A8B7000661674 /* Assets.xcassets in Resources */,
			);
			runOnlyForDeploymentPostprocessing = 0;
		};
/* End PBXResourcesBuildPhase section */

/* Begin PBXSourcesBuildPhase section */
		030B8522293A8B6B00661674 /* Sources */ = {
			isa = PBXSourcesBuildPhase;
			buildActionMask = 2147483647;
			files = (
				036CD5402940400C0053701C /* UserRanks.swift in Sources */,
				03E4FCAC293D878A00C7A6B0 /* ConversationPreview.swift in Sources */,
				0387CA0F293C85FE00864B63 /* PersonalRanks.swift in Sources */,
				036CD53E29403FFE0053701C /* UserStats.swift in Sources */,
				03B86E0C293EEFC200173971 /* TorrentSearchRequest.swift in Sources */,
				03F9AC44293AB51800D32548 /* UserProfileRequest.swift in Sources */,
				03399C7E293D2B3A008DB706 /* PersonalCommunity.swift in Sources */,
				036CD52C29401ADD0053701C /* ArtistResultsView.swift in Sources */,
				03E4FCAE293D8EF300C7A6B0 /* ConversationView.swift in Sources */,
				03F9AC48293AD44B00D32548 /* PersonalProfileRequest.swift in Sources */,
				03314C4229416E1800916A4B /* ArtistTorrentView.swift in Sources */,
				03256146293E7032000D5636 /* MessageView.swift in Sources */,
				0387CA0D293C844900864B63 /* SectionTitle.swift in Sources */,
				036CD52F294024590053701C /* UserSearchRequest.swift in Sources */,
				0333D3AB293C16FB009CC6E1 /* RedactedAPI.swift in Sources */,
				0333D3A9293C16E8009CC6E1 /* NotificationsRequest.swift in Sources */,
				03E4FCAA293D85E300C7A6B0 /* InboxView.swift in Sources */,
				03B86E0E293EF63C00173971 /* TorrentResultsView.swift in Sources */,
				03399C7A293D1EEB008DB706 /* PersonalInfo.swift in Sources */,
				0387C9ED293C4C3300864B63 /* PersonalProfileView.swift in Sources */,
				03256149293E7FD1000D5636 /* SearchView.swift in Sources */,
				030B852C293A8B6B00661674 /* ContentView.swift in Sources */,
				030F1C9B293F9011009894F9 /* TorrentGroupView.swift in Sources */,
				036CD52A2940180C0053701C /* ArtistSearchRequest.swift in Sources */,
				0387CA11293C864500864B63 /* RectangleOverlay.swift in Sources */,
				036CD528293FFFA40053701C /* TorrentView.swift in Sources */,
				03314C3E2941462B00916A4B /* AccentCapsule.swift in Sources */,
				0333D3A4293C0660009CC6E1 /* REDAppModel.swift in Sources */,
				0344023E29411E3100FDDED7 /* RequestView.swift in Sources */,
				03E4FCB1293D8F8600C7A6B0 /* ConversationRequest.swift in Sources */,
				033DF7F92940F8ED002C36F6 /* RequestResultsView.swift in Sources */,
				036CD53129402F590053701C /* UserResultsView.swift in Sources */,
				03F9AC4A293AE18D00D32548 /* AnnouncementsRequest.swift in Sources */,
				036CD539294038E50053701C /* UserProfileView.swift in Sources */,
				036CD544294040180053701C /* UserCommunity.swift in Sources */,
				031978752940DD9D00D21EC1 /* RequestSearchRequest.swift in Sources */,
				0387CA0B293C5FC300864B63 /* PersonalStats.swift in Sources */,
				030B852A293A8B6B00661674 /* REDSwiftApp.swift in Sources */,
				03399C7C293D2128008DB706 /* ProfilePictureRequest.swift in Sources */,
				036CD542294040120053701C /* UserInfo.swift in Sources */,
				03314C4029416DFA00916A4B /* ArtistGroupView.swift in Sources */,
				03399C81293D6384008DB706 /* InboxRequest.swift in Sources */,
			);
			runOnlyForDeploymentPostprocessing = 0;
		};
/* End PBXSourcesBuildPhase section */

/* Begin XCBuildConfiguration section */
		030B8532293A8B7000661674 /* Debug */ = {
			isa = XCBuildConfiguration;
			buildSettings = {
				ALWAYS_SEARCH_USER_PATHS = NO;
				CLANG_ANALYZER_NONNULL = YES;
				CLANG_ANALYZER_NUMBER_OBJECT_CONVERSION = YES_AGGRESSIVE;
				CLANG_CXX_LANGUAGE_STANDARD = "gnu++20";
				CLANG_ENABLE_MODULES = YES;
				CLANG_ENABLE_OBJC_ARC = YES;
				CLANG_ENABLE_OBJC_WEAK = YES;
				CLANG_WARN_BLOCK_CAPTURE_AUTORELEASING = YES;
				CLANG_WARN_BOOL_CONVERSION = YES;
				CLANG_WARN_COMMA = YES;
				CLANG_WARN_CONSTANT_CONVERSION = YES;
				CLANG_WARN_DEPRECATED_OBJC_IMPLEMENTATIONS = YES;
				CLANG_WARN_DIRECT_OBJC_ISA_USAGE = YES_ERROR;
				CLANG_WARN_DOCUMENTATION_COMMENTS = YES;
				CLANG_WARN_EMPTY_BODY = YES;
				CLANG_WARN_ENUM_CONVERSION = YES;
				CLANG_WARN_INFINITE_RECURSION = YES;
				CLANG_WARN_INT_CONVERSION = YES;
				CLANG_WARN_NON_LITERAL_NULL_CONVERSION = YES;
				CLANG_WARN_OBJC_IMPLICIT_RETAIN_SELF = YES;
				CLANG_WARN_OBJC_LITERAL_CONVERSION = YES;
				CLANG_WARN_OBJC_ROOT_CLASS = YES_ERROR;
				CLANG_WARN_QUOTED_INCLUDE_IN_FRAMEWORK_HEADER = YES;
				CLANG_WARN_RANGE_LOOP_ANALYSIS = YES;
				CLANG_WARN_STRICT_PROTOTYPES = YES;
				CLANG_WARN_SUSPICIOUS_MOVE = YES;
				CLANG_WARN_UNGUARDED_AVAILABILITY = YES_AGGRESSIVE;
				CLANG_WARN_UNREACHABLE_CODE = YES;
				CLANG_WARN__DUPLICATE_METHOD_MATCH = YES;
				COPY_PHASE_STRIP = NO;
				DEBUG_INFORMATION_FORMAT = dwarf;
				ENABLE_STRICT_OBJC_MSGSEND = YES;
				ENABLE_TESTABILITY = YES;
				GCC_C_LANGUAGE_STANDARD = gnu11;
				GCC_DYNAMIC_NO_PIC = NO;
				GCC_NO_COMMON_BLOCKS = YES;
				GCC_OPTIMIZATION_LEVEL = 0;
				GCC_PREPROCESSOR_DEFINITIONS = (
					"DEBUG=1",
					"$(inherited)",
				);
				GCC_WARN_64_TO_32_BIT_CONVERSION = YES;
				GCC_WARN_ABOUT_RETURN_TYPE = YES_ERROR;
				GCC_WARN_UNDECLARED_SELECTOR = YES;
				GCC_WARN_UNINITIALIZED_AUTOS = YES_AGGRESSIVE;
				GCC_WARN_UNUSED_FUNCTION = YES;
				GCC_WARN_UNUSED_VARIABLE = YES;
				IPHONEOS_DEPLOYMENT_TARGET = 15.0;
				MTL_ENABLE_DEBUG_INFO = INCLUDE_SOURCE;
				MTL_FAST_MATH = YES;
				ONLY_ACTIVE_ARCH = YES;
				SDKROOT = iphoneos;
				SWIFT_ACTIVE_COMPILATION_CONDITIONS = DEBUG;
				SWIFT_OPTIMIZATION_LEVEL = "-Onone";
			};
			name = Debug;
		};
		030B8533293A8B7000661674 /* Release */ = {
			isa = XCBuildConfiguration;
			buildSettings = {
				ALWAYS_SEARCH_USER_PATHS = NO;
				CLANG_ANALYZER_NONNULL = YES;
				CLANG_ANALYZER_NUMBER_OBJECT_CONVERSION = YES_AGGRESSIVE;
				CLANG_CXX_LANGUAGE_STANDARD = "gnu++20";
				CLANG_ENABLE_MODULES = YES;
				CLANG_ENABLE_OBJC_ARC = YES;
				CLANG_ENABLE_OBJC_WEAK = YES;
				CLANG_WARN_BLOCK_CAPTURE_AUTORELEASING = YES;
				CLANG_WARN_BOOL_CONVERSION = YES;
				CLANG_WARN_COMMA = YES;
				CLANG_WARN_CONSTANT_CONVERSION = YES;
				CLANG_WARN_DEPRECATED_OBJC_IMPLEMENTATIONS = YES;
				CLANG_WARN_DIRECT_OBJC_ISA_USAGE = YES_ERROR;
				CLANG_WARN_DOCUMENTATION_COMMENTS = YES;
				CLANG_WARN_EMPTY_BODY = YES;
				CLANG_WARN_ENUM_CONVERSION = YES;
				CLANG_WARN_INFINITE_RECURSION = YES;
				CLANG_WARN_INT_CONVERSION = YES;
				CLANG_WARN_NON_LITERAL_NULL_CONVERSION = YES;
				CLANG_WARN_OBJC_IMPLICIT_RETAIN_SELF = YES;
				CLANG_WARN_OBJC_LITERAL_CONVERSION = YES;
				CLANG_WARN_OBJC_ROOT_CLASS = YES_ERROR;
				CLANG_WARN_QUOTED_INCLUDE_IN_FRAMEWORK_HEADER = YES;
				CLANG_WARN_RANGE_LOOP_ANALYSIS = YES;
				CLANG_WARN_STRICT_PROTOTYPES = YES;
				CLANG_WARN_SUSPICIOUS_MOVE = YES;
				CLANG_WARN_UNGUARDED_AVAILABILITY = YES_AGGRESSIVE;
				CLANG_WARN_UNREACHABLE_CODE = YES;
				CLANG_WARN__DUPLICATE_METHOD_MATCH = YES;
				COPY_PHASE_STRIP = NO;
				DEBUG_INFORMATION_FORMAT = "dwarf-with-dsym";
				ENABLE_NS_ASSERTIONS = NO;
				ENABLE_STRICT_OBJC_MSGSEND = YES;
				GCC_C_LANGUAGE_STANDARD = gnu11;
				GCC_NO_COMMON_BLOCKS = YES;
				GCC_WARN_64_TO_32_BIT_CONVERSION = YES;
				GCC_WARN_ABOUT_RETURN_TYPE = YES_ERROR;
				GCC_WARN_UNDECLARED_SELECTOR = YES;
				GCC_WARN_UNINITIALIZED_AUTOS = YES_AGGRESSIVE;
				GCC_WARN_UNUSED_FUNCTION = YES;
				GCC_WARN_UNUSED_VARIABLE = YES;
				IPHONEOS_DEPLOYMENT_TARGET = 15.0;
				MTL_ENABLE_DEBUG_INFO = NO;
				MTL_FAST_MATH = YES;
				SDKROOT = iphoneos;
				SWIFT_COMPILATION_MODE = wholemodule;
				SWIFT_OPTIMIZATION_LEVEL = "-O";
				VALIDATE_PRODUCT = YES;
			};
			name = Release;
		};
		030B8535293A8B7000661674 /* Debug */ = {
			isa = XCBuildConfiguration;
			buildSettings = {
				ASSETCATALOG_COMPILER_APPICON_NAME = AppIcon;
				ASSETCATALOG_COMPILER_GLOBAL_ACCENT_COLOR_NAME = AccentColor;
				CODE_SIGN_STYLE = Automatic;
				CURRENT_PROJECT_VERSION = 1;
				DEVELOPMENT_ASSET_PATHS = "\"REDSwift/Preview Content\"";
				DEVELOPMENT_TEAM = W8C8UQ95CG;
				ENABLE_PREVIEWS = YES;
				GENERATE_INFOPLIST_FILE = YES;
				INFOPLIST_KEY_CFBundleDisplayName = RED;
				INFOPLIST_KEY_LSApplicationCategoryType = "public.app-category.social-networking";
				INFOPLIST_KEY_UIApplicationSceneManifest_Generation = YES;
				INFOPLIST_KEY_UIApplicationSupportsIndirectInputEvents = YES;
				INFOPLIST_KEY_UILaunchScreen_Generation = YES;
				INFOPLIST_KEY_UISupportedInterfaceOrientations = UIInterfaceOrientationPortrait;
				INFOPLIST_KEY_UISupportedInterfaceOrientations_iPad = "UIInterfaceOrientationLandscapeLeft UIInterfaceOrientationLandscapeRight UIInterfaceOrientationPortrait UIInterfaceOrientationPortraitUpsideDown";
				IPHONEOS_DEPLOYMENT_TARGET = 15.0;
				LD_RUNPATH_SEARCH_PATHS = (
					"$(inherited)",
					"@executable_path/Frameworks",
				);
				MARKETING_VERSION = 1.0;
				PRODUCT_BUNDLE_IDENTIFIER = com.tarball.REDSwift;
				PRODUCT_NAME = "$(TARGET_NAME)";
				SWIFT_EMIT_LOC_STRINGS = YES;
				SWIFT_VERSION = 5.0;
				TARGETED_DEVICE_FAMILY = "1,2";
			};
			name = Debug;
		};
		030B8536293A8B7000661674 /* Release */ = {
			isa = XCBuildConfiguration;
			buildSettings = {
				ASSETCATALOG_COMPILER_APPICON_NAME = AppIcon;
				ASSETCATALOG_COMPILER_GLOBAL_ACCENT_COLOR_NAME = AccentColor;
				CODE_SIGN_STYLE = Automatic;
				CURRENT_PROJECT_VERSION = 1;
				DEVELOPMENT_ASSET_PATHS = "\"REDSwift/Preview Content\"";
				DEVELOPMENT_TEAM = W8C8UQ95CG;
				ENABLE_PREVIEWS = YES;
				GENERATE_INFOPLIST_FILE = YES;
				INFOPLIST_KEY_CFBundleDisplayName = RED;
				INFOPLIST_KEY_LSApplicationCategoryType = "public.app-category.social-networking";
				INFOPLIST_KEY_UIApplicationSceneManifest_Generation = YES;
				INFOPLIST_KEY_UIApplicationSupportsIndirectInputEvents = YES;
				INFOPLIST_KEY_UILaunchScreen_Generation = YES;
				INFOPLIST_KEY_UISupportedInterfaceOrientations = UIInterfaceOrientationPortrait;
				INFOPLIST_KEY_UISupportedInterfaceOrientations_iPad = "UIInterfaceOrientationLandscapeLeft UIInterfaceOrientationLandscapeRight UIInterfaceOrientationPortrait UIInterfaceOrientationPortraitUpsideDown";
				IPHONEOS_DEPLOYMENT_TARGET = 15.0;
				LD_RUNPATH_SEARCH_PATHS = (
					"$(inherited)",
					"@executable_path/Frameworks",
				);
				MARKETING_VERSION = 1.0;
				PRODUCT_BUNDLE_IDENTIFIER = com.tarball.REDSwift;
				PRODUCT_NAME = "$(TARGET_NAME)";
				SWIFT_EMIT_LOC_STRINGS = YES;
				SWIFT_VERSION = 5.0;
				TARGETED_DEVICE_FAMILY = "1,2";
			};
			name = Release;
		};
/* End XCBuildConfiguration section */

/* Begin XCConfigurationList section */
		030B8521293A8B6B00661674 /* Build configuration list for PBXProject "REDSwift" */ = {
			isa = XCConfigurationList;
			buildConfigurations = (
				030B8532293A8B7000661674 /* Debug */,
				030B8533293A8B7000661674 /* Release */,
			);
			defaultConfigurationIsVisible = 0;
			defaultConfigurationName = Release;
		};
		030B8534293A8B7000661674 /* Build configuration list for PBXNativeTarget "REDSwift" */ = {
			isa = XCConfigurationList;
			buildConfigurations = (
				030B8535293A8B7000661674 /* Debug */,
				030B8536293A8B7000661674 /* Release */,
			);
			defaultConfigurationIsVisible = 0;
			defaultConfigurationName = Release;
		};
/* End XCConfigurationList section */

/* Begin XCRemoteSwiftPackageReference section */
		032E4B67293D778000595C80 /* XCRemoteSwiftPackageReference "FloatingTabBar" */ = {
			isa = XCRemoteSwiftPackageReference;
			repositoryURL = "https://github.com/alyxferrari/FloatingTabBar";
			requirement = {
				branch = master;
				kind = branch;
			};
		};
		03399C76293D1AF9008DB706 /* XCRemoteSwiftPackageReference "WhatsNewKit" */ = {
			isa = XCRemoteSwiftPackageReference;
			repositoryURL = "https://github.com/SvenTiigi/WhatsNewKit";
			requirement = {
				kind = upToNextMajorVersion;
				minimumVersion = 2.0.0;
			};
		};
/* End XCRemoteSwiftPackageReference section */

/* Begin XCSwiftPackageProductDependency section */
		032E4B68293D778000595C80 /* FloatingTabBar */ = {
			isa = XCSwiftPackageProductDependency;
			package = 032E4B67293D778000595C80 /* XCRemoteSwiftPackageReference "FloatingTabBar" */;
			productName = FloatingTabBar;
		};
		03399C77293D1AF9008DB706 /* WhatsNewKit */ = {
			isa = XCSwiftPackageProductDependency;
			package = 03399C76293D1AF9008DB706 /* XCRemoteSwiftPackageReference "WhatsNewKit" */;
			productName = WhatsNewKit;
		};
/* End XCSwiftPackageProductDependency section */
	};
	rootObject = 030B851E293A8B6B00661674 /* Project object */;
}
