{
  "pins" : [
    {
      "identity" : "floatingtabbar",
      "kind" : "remoteSourceControl",
      "location" : "https://github.com/alyxferrari/FloatingTabBar",
      "state" : {
        "branch" : "master",
        "revision" : "0611101b731e76062198ce238a020cceacc8f82e"
      }
    },
    {
      "identity" : "gazellekit",
      "kind" : "remoteSourceControl",
      "location" : "https://github.com/tarballcoltd/gazellekit",
      "state" : {
        "branch" : "orpheus-support",
        "revision" : "0314f36d805edc52b6e74b750913e7b4b011ca56"
      }
    },
    {
      "identity" : "whatsnewkit",
      "kind" : "remoteSourceControl",
      "location" : "https://github.com/SvenTiigi/WhatsNewKit",
      "state" : {
        "revision" : "238dadc14dd58885f51037e63d08baf4275c480e",
        "version" : "2.1.0"
      }
    }
  ],
  "version" : 2
}
