{
  "pins" : [
    {
      "identity" : "floatingtabbar",
      "kind" : "remoteSourceControl",
      "location" : "https://github.com/alyxferrari/FloatingTabBar",
      "state" : {
        "branch" : "master",
        "revision" : "0611101b731e76062198ce238a020cceacc8f82e"
      }
    },
    {
      "identity" : "whatsnewkit",
      "kind" : "remoteSourceControl",
      "location" : "https://github.com/SvenTiigi/WhatsNewKit",
      "state" : {
        "revision" : "04ceb0706c1e0d3d9761b900ff94af48be762088",
        "version" : "2.0.4"
      }
    }
  ],
  "version" : 2
}
